
Microsoft Visual Studio Solution File, Format Version 12.00
# Visual Studio Version 16
VisualStudioVersion = 16.0.29009.5
MinimumVisualStudioVersion = 10.0.40219.1
Project("{FAE04EC0-301F-11D3-BF4B-00C04F79EFBC}") = "WPF_Labsheet7", "WPF_Labsheet7\WPF_Labsheet7.csproj", "{F1220EED-0FDF-4B07-9BBA-1C2E07CF8F81}"
EndProject
Global
	GlobalSection(SolutionConfigurationPlatforms) = preSolution
		Debug|Any CPU = Debug|Any CPU
		Release|Any CPU = Release|Any CPU
	EndGlobalSection
	GlobalSection(ProjectConfigurationPlatforms) = postSolution
		{F1220EED-0FDF-4B07-9BBA-1C2E07CF8F81}.Debug|Any CPU.ActiveCfg = Debug|Any CPU
		{F1220EED-0FDF-4B07-9BBA-1C2E07CF8F81}.Debug|Any CPU.Build.0 = Debug|Any CPU
		{F1220EED-0FDF-4B07-9BBA-1C2E07CF8F81}.Release|Any CPU.ActiveCfg = Release|Any CPU
		{F1220EED-0FDF-4B07-9BBA-1C2E07CF8F81}.Release|Any CPU.Build.0 = Release|Any CPU
	EndGlobalSection
	GlobalSection(SolutionProperties) = preSolution
		HideSolutionNode = FALSE
	EndGlobalSection
	GlobalSection(ExtensibilityGlobals) = postSolution
		SolutionGuid = {C6240E5D-448E-48BD-B9C0-F95DD0A9BF15}
	EndGlobalSection
EndGlobal
